
Microsoft Visual Studio Solution File, Format Version 12.00
# Visual Studio Version 17
VisualStudioVersion = 17.5.002.0
MinimumVisualStudioVersion = 10.0.40219.1
Project("{2150E333-8FDC-42A3-9474-1A3956D46DE8}") = "prepare", "prepare", "{0B385088-BE3D-412B-B510-352361746E45}"
EndProject
Project("{9A19103F-16F7-4668-BE54-9A1E7A4F7556}") = "Learning04", "prepare\Learning04\Learning04.csproj", "{775137D1-9C4E-4233-9675-FD1E00DE8876}"
EndProject
Project("{9A19103F-16F7-4668-BE54-9A1E7A4F7556}") = "Learning05", "prepare\Learning05\Learning05.csproj", "{FE885978-A285-4476-8542-FD2623C7373E}"
EndProject
Project("{9A19103F-16F7-4668-BE54-9A1E7A4F7556}") = "Learning02", "prepare\Learning02\Learning02.csproj", "{654A7EAD-CF7B-40A8-A2AE-04E901831A41}"
EndProject
Project("{9A19103F-16F7-4668-BE54-9A1E7A4F7556}") = "Learning03", "prepare\Learning03\Learning03.csproj", "{1E219B1F-51AD-4C7A-B50B-63FEF1C042C7}"
EndProject
Project("{2150E333-8FDC-42A3-9474-1A3956D46DE8}") = "csharp-prep", "csharp-prep", "{F3831B5D-6B94-4EC8-AB05-AB1326F8C970}"
EndProject
Project("{9A19103F-16F7-4668-BE54-9A1E7A4F7556}") = "Prep4", "csharp-prep\Prep4\Prep4.csproj", "{AE4A61F3-1169-4F4B-9F54-E46BE65029B4}"
EndProject
Project("{9A19103F-16F7-4668-BE54-9A1E7A4F7556}") = "Prep3", "csharp-prep\Prep3\Prep3.csproj", "{47B3710F-ADAD-462F-B500-4E2F87F54631}"
EndProject
Project("{9A19103F-16F7-4668-BE54-9A1E7A4F7556}") = "Prep5", "csharp-prep\Prep5\Prep5.csproj", "{F9050C01-B686-4EC3-A0CE-4C3D4908B9D5}"
EndProject
Project("{9A19103F-16F7-4668-BE54-9A1E7A4F7556}") = "Prep1", "csharp-prep\Prep1\Prep1.csproj", "{89A638EF-3111-48B6-8ABD-EFD4FF941901}"
EndProject
Project("{9A19103F-16F7-4668-BE54-9A1E7A4F7556}") = "Prep2", "csharp-prep\Prep2\Prep2.csproj", "{B8DD5965-1BD2-4E1A-A3C2-953F4DF264BF}"
EndProject
Project("{2150E333-8FDC-42A3-9474-1A3956D46DE8}") = "final", "final", "{B74412D2-7A42-483A-886D-B646022F46EB}"
EndProject
Project("{9A19103F-16F7-4668-BE54-9A1E7A4F7556}") = "Foundation2", "final\Foundation2\Foundation2.csproj", "{0B6AEA27-68FD-48A0-985B-6B26069FF232}"
EndProject
Project("{9A19103F-16F7-4668-BE54-9A1E7A4F7556}") = "FinalProject", "final\FinalProject\FinalProject.csproj", "{0CD19F3F-39E7-4111-A07D-FDFAF67F650E}"
EndProject
Project("{9A19103F-16F7-4668-BE54-9A1E7A4F7556}") = "Foundation3", "final\Foundation3\Foundation3.csproj", "{8D2085AF-4FDB-4FB1-9672-3006EB69BA15}"
EndProject
Project("{9A19103F-16F7-4668-BE54-9A1E7A4F7556}") = "Foundation4", "final\Foundation4\Foundation4.csproj", "{45E9AE07-FEAB-4665-A3FF-3CDE693943D1}"
EndProject
Project("{9A19103F-16F7-4668-BE54-9A1E7A4F7556}") = "Foundation1", "final\Foundation1\Foundation1.csproj", "{62C6171A-0E82-4DD7-BDBE-3E01651E629F}"
EndProject
Project("{2150E333-8FDC-42A3-9474-1A3956D46DE8}") = "sandbox", "sandbox", "{A8973313-FF1A-4F26-90A9-BCE5211A3D16}"
EndProject
Project("{9A19103F-16F7-4668-BE54-9A1E7A4F7556}") = "Sandbox", "sandbox\Sandbox\Sandbox.csproj", "{8C087734-0A49-4056-9839-AF066F00781A}"
EndProject
Project("{2150E333-8FDC-42A3-9474-1A3956D46DE8}") = "prove", "prove", "{6A3B9E3A-24C0-41F2-8C97-93A72222B646}"
EndProject
Project("{9A19103F-16F7-4668-BE54-9A1E7A4F7556}") = "Develop03", "prove\Develop03\Develop03.csproj", "{7495A2D1-BA1D-433B-A39A-8F89E31FE571}"
EndProject
Project("{9A19103F-16F7-4668-BE54-9A1E7A4F7556}") = "Develop04", "prove\Develop04\Develop04.csproj", "{5953F200-413B-425F-A71D-C16719EAFAE8}"
EndProject
Project("{9A19103F-16F7-4668-BE54-9A1E7A4F7556}") = "Develop05", "prove\Develop05\Develop05.csproj", "{C988882B-77C3-4756-A48B-5A2F09F34F6A}"
EndProject
Project("{9A19103F-16F7-4668-BE54-9A1E7A4F7556}") = "Develop02", "prove\Develop02\Develop02.csproj", "{9BD1916F-5450-4FD4-A128-D098556330AF}"
EndProject
Global
	GlobalSection(SolutionConfigurationPlatforms) = preSolution
		Debug|Any CPU = Debug|Any CPU
		Release|Any CPU = Release|Any CPU
	EndGlobalSection
	GlobalSection(ProjectConfigurationPlatforms) = postSolution
		{775137D1-9C4E-4233-9675-FD1E00DE8876}.Debug|Any CPU.ActiveCfg = Debug|Any CPU
		{775137D1-9C4E-4233-9675-FD1E00DE8876}.Debug|Any CPU.Build.0 = Debug|Any CPU
		{775137D1-9C4E-4233-9675-FD1E00DE8876}.Release|Any CPU.ActiveCfg = Release|Any CPU
		{775137D1-9C4E-4233-9675-FD1E00DE8876}.Release|Any CPU.Build.0 = Release|Any CPU
		{FE885978-A285-4476-8542-FD2623C7373E}.Debug|Any CPU.ActiveCfg = Debug|Any CPU
		{FE885978-A285-4476-8542-FD2623C7373E}.Debug|Any CPU.Build.0 = Debug|Any CPU
		{FE885978-A285-4476-8542-FD2623C7373E}.Release|Any CPU.ActiveCfg = Release|Any CPU
		{FE885978-A285-4476-8542-FD2623C7373E}.Release|Any CPU.Build.0 = Release|Any CPU
		{654A7EAD-CF7B-40A8-A2AE-04E901831A41}.Debug|Any CPU.ActiveCfg = Debug|Any CPU
		{654A7EAD-CF7B-40A8-A2AE-04E901831A41}.Debug|Any CPU.Build.0 = Debug|Any CPU
		{654A7EAD-CF7B-40A8-A2AE-04E901831A41}.Release|Any CPU.ActiveCfg = Release|Any CPU
		{654A7EAD-CF7B-40A8-A2AE-04E901831A41}.Release|Any CPU.Build.0 = Release|Any CPU
		{1E219B1F-51AD-4C7A-B50B-63FEF1C042C7}.Debug|Any CPU.ActiveCfg = Debug|Any CPU
		{1E219B1F-51AD-4C7A-B50B-63FEF1C042C7}.Debug|Any CPU.Build.0 = Debug|Any CPU
		{1E219B1F-51AD-4C7A-B50B-63FEF1C042C7}.Release|Any CPU.ActiveCfg = Release|Any CPU
		{1E219B1F-51AD-4C7A-B50B-63FEF1C042C7}.Release|Any CPU.Build.0 = Release|Any CPU
		{AE4A61F3-1169-4F4B-9F54-E46BE65029B4}.Debug|Any CPU.ActiveCfg = Debug|Any CPU
		{AE4A61F3-1169-4F4B-9F54-E46BE65029B4}.Debug|Any CPU.Build.0 = Debug|Any CPU
		{AE4A61F3-1169-4F4B-9F54-E46BE65029B4}.Release|Any CPU.ActiveCfg = Release|Any CPU
		{AE4A61F3-1169-4F4B-9F54-E46BE65029B4}.Release|Any CPU.Build.0 = Release|Any CPU
		{47B3710F-ADAD-462F-B500-4E2F87F54631}.Debug|Any CPU.ActiveCfg = Debug|Any CPU
		{47B3710F-ADAD-462F-B500-4E2F87F54631}.Debug|Any CPU.Build.0 = Debug|Any CPU
		{47B3710F-ADAD-462F-B500-4E2F87F54631}.Release|Any CPU.ActiveCfg = Release|Any CPU
		{47B3710F-ADAD-462F-B500-4E2F87F54631}.Release|Any CPU.Build.0 = Release|Any CPU
		{F9050C01-B686-4EC3-A0CE-4C3D4908B9D5}.Debug|Any CPU.ActiveCfg = Debug|Any CPU
		{F9050C01-B686-4EC3-A0CE-4C3D4908B9D5}.Debug|Any CPU.Build.0 = Debug|Any CPU
		{F9050C01-B686-4EC3-A0CE-4C3D4908B9D5}.Release|Any CPU.ActiveCfg = Release|Any CPU
		{F9050C01-B686-4EC3-A0CE-4C3D4908B9D5}.Release|Any CPU.Build.0 = Release|Any CPU
		{89A638EF-3111-48B6-8ABD-EFD4FF941901}.Debug|Any CPU.ActiveCfg = Debug|Any CPU
		{89A638EF-3111-48B6-8ABD-EFD4FF941901}.Debug|Any CPU.Build.0 = Debug|Any CPU
		{89A638EF-3111-48B6-8ABD-EFD4FF941901}.Release|Any CPU.ActiveCfg = Release|Any CPU
		{89A638EF-3111-48B6-8ABD-EFD4FF941901}.Release|Any CPU.Build.0 = Release|Any CPU
		{B8DD5965-1BD2-4E1A-A3C2-953F4DF264BF}.Debug|Any CPU.ActiveCfg = Debug|Any CPU
		{B8DD5965-1BD2-4E1A-A3C2-953F4DF264BF}.Debug|Any CPU.Build.0 = Debug|Any CPU
		{B8DD5965-1BD2-4E1A-A3C2-953F4DF264BF}.Release|Any CPU.ActiveCfg = Release|Any CPU
		{B8DD5965-1BD2-4E1A-A3C2-953F4DF264BF}.Release|Any CPU.Build.0 = Release|Any CPU
		{0B6AEA27-68FD-48A0-985B-6B26069FF232}.Debug|Any CPU.ActiveCfg = Debug|Any CPU
		{0B6AEA27-68FD-48A0-985B-6B26069FF232}.Debug|Any CPU.Build.0 = Debug|Any CPU
		{0B6AEA27-68FD-48A0-985B-6B26069FF232}.Release|Any CPU.ActiveCfg = Release|Any CPU
		{0B6AEA27-68FD-48A0-985B-6B26069FF232}.Release|Any CPU.Build.0 = Release|Any CPU
		{0CD19F3F-39E7-4111-A07D-FDFAF67F650E}.Debug|Any CPU.ActiveCfg = Debug|Any CPU
		{0CD19F3F-39E7-4111-A07D-FDFAF67F650E}.Debug|Any CPU.Build.0 = Debug|Any CPU
		{0CD19F3F-39E7-4111-A07D-FDFAF67F650E}.Release|Any CPU.ActiveCfg = Release|Any CPU
		{0CD19F3F-39E7-4111-A07D-FDFAF67F650E}.Release|Any CPU.Build.0 = Release|Any CPU
		{8D2085AF-4FDB-4FB1-9672-3006EB69BA15}.Debug|Any CPU.ActiveCfg = Debug|Any CPU
		{8D2085AF-4FDB-4FB1-9672-3006EB69BA15}.Debug|Any CPU.Build.0 = Debug|Any CPU
		{8D2085AF-4FDB-4FB1-9672-3006EB69BA15}.Release|Any CPU.ActiveCfg = Release|Any CPU
		{8D2085AF-4FDB-4FB1-9672-3006EB69BA15}.Release|Any CPU.Build.0 = Release|Any CPU
		{45E9AE07-FEAB-4665-A3FF-3CDE693943D1}.Debug|Any CPU.ActiveCfg = Debug|Any CPU
		{45E9AE07-FEAB-4665-A3FF-3CDE693943D1}.Debug|Any CPU.Build.0 = Debug|Any CPU
		{45E9AE07-FEAB-4665-A3FF-3CDE693943D1}.Release|Any CPU.ActiveCfg = Release|Any CPU
		{45E9AE07-FEAB-4665-A3FF-3CDE693943D1}.Release|Any CPU.Build.0 = Release|Any CPU
		{62C6171A-0E82-4DD7-BDBE-3E01651E629F}.Debug|Any CPU.ActiveCfg = Debug|Any CPU
		{62C6171A-0E82-4DD7-BDBE-3E01651E629F}.Debug|Any CPU.Build.0 = Debug|Any CPU
		{62C6171A-0E82-4DD7-BDBE-3E01651E629F}.Release|Any CPU.ActiveCfg = Release|Any CPU
		{62C6171A-0E82-4DD7-BDBE-3E01651E629F}.Release|Any CPU.Build.0 = Release|Any CPU
		{8C087734-0A49-4056-9839-AF066F00781A}.Debug|Any CPU.ActiveCfg = Debug|Any CPU
		{8C087734-0A49-4056-9839-AF066F00781A}.Debug|Any CPU.Build.0 = Debug|Any CPU
		{8C087734-0A49-4056-9839-AF066F00781A}.Release|Any CPU.ActiveCfg = Release|Any CPU
		{8C087734-0A49-4056-9839-AF066F00781A}.Release|Any CPU.Build.0 = Release|Any CPU
		{7495A2D1-BA1D-433B-A39A-8F89E31FE571}.Debug|Any CPU.ActiveCfg = Debug|Any CPU
		{7495A2D1-BA1D-433B-A39A-8F89E31FE571}.Debug|Any CPU.Build.0 = Debug|Any CPU
		{7495A2D1-BA1D-433B-A39A-8F89E31FE571}.Release|Any CPU.ActiveCfg = Release|Any CPU
		{7495A2D1-BA1D-433B-A39A-8F89E31FE571}.Release|Any CPU.Build.0 = Release|Any CPU
		{5953F200-413B-425F-A71D-C16719EAFAE8}.Debug|Any CPU.ActiveCfg = Debug|Any CPU
		{5953F200-413B-425F-A71D-C16719EAFAE8}.Debug|Any CPU.Build.0 = Debug|Any CPU
		{5953F200-413B-425F-A71D-C16719EAFAE8}.Release|Any CPU.ActiveCfg = Release|Any CPU
		{5953F200-413B-425F-A71D-C16719EAFAE8}.Release|Any CPU.Build.0 = Release|Any CPU
		{C988882B-77C3-4756-A48B-5A2F09F34F6A}.Debug|Any CPU.ActiveCfg = Debug|Any CPU
		{C988882B-77C3-4756-A48B-5A2F09F34F6A}.Debug|Any CPU.Build.0 = Debug|Any CPU
		{C988882B-77C3-4756-A48B-5A2F09F34F6A}.Release|Any CPU.ActiveCfg = Release|Any CPU
		{C988882B-77C3-4756-A48B-5A2F09F34F6A}.Release|Any CPU.Build.0 = Release|Any CPU
		{9BD1916F-5450-4FD4-A128-D098556330AF}.Debug|Any CPU.ActiveCfg = Debug|Any CPU
		{9BD1916F-5450-4FD4-A128-D098556330AF}.Debug|Any CPU.Build.0 = Debug|Any CPU
		{9BD1916F-5450-4FD4-A128-D098556330AF}.Release|Any CPU.ActiveCfg = Release|Any CPU
		{9BD1916F-5450-4FD4-A128-D098556330AF}.Release|Any CPU.Build.0 = Release|Any CPU
	EndGlobalSection
	GlobalSection(SolutionProperties) = preSolution
		HideSolutionNode = FALSE
	EndGlobalSection
	GlobalSection(NestedProjects) = preSolution
		{775137D1-9C4E-4233-9675-FD1E00DE8876} = {0B385088-BE3D-412B-B510-352361746E45}
		{FE885978-A285-4476-8542-FD2623C7373E} = {0B385088-BE3D-412B-B510-352361746E45}
		{654A7EAD-CF7B-40A8-A2AE-04E901831A41} = {0B385088-BE3D-412B-B510-352361746E45}
		{1E219B1F-51AD-4C7A-B50B-63FEF1C042C7} = {0B385088-BE3D-412B-B510-352361746E45}
		{AE4A61F3-1169-4F4B-9F54-E46BE65029B4} = {F3831B5D-6B94-4EC8-AB05-AB1326F8C970}
		{47B3710F-ADAD-462F-B500-4E2F87F54631} = {F3831B5D-6B94-4EC8-AB05-AB1326F8C970}
		{F9050C01-B686-4EC3-A0CE-4C3D4908B9D5} = {F3831B5D-6B94-4EC8-AB05-AB1326F8C970}
		{89A638EF-3111-48B6-8ABD-EFD4FF941901} = {F3831B5D-6B94-4EC8-AB05-AB1326F8C970}
		{B8DD5965-1BD2-4E1A-A3C2-953F4DF264BF} = {F3831B5D-6B94-4EC8-AB05-AB1326F8C970}
		{0B6AEA27-68FD-48A0-985B-6B26069FF232} = {B74412D2-7A42-483A-886D-B646022F46EB}
		{0CD19F3F-39E7-4111-A07D-FDFAF67F650E} = {B74412D2-7A42-483A-886D-B646022F46EB}
		{8D2085AF-4FDB-4FB1-9672-3006EB69BA15} = {B74412D2-7A42-483A-886D-B646022F46EB}
		{45E9AE07-FEAB-4665-A3FF-3CDE693943D1} = {B74412D2-7A42-483A-886D-B646022F46EB}
		{62C6171A-0E82-4DD7-BDBE-3E01651E629F} = {B74412D2-7A42-483A-886D-B646022F46EB}
		{8C087734-0A49-4056-9839-AF066F00781A} = {A8973313-FF1A-4F26-90A9-BCE5211A3D16}
		{7495A2D1-BA1D-433B-A39A-8F89E31FE571} = {6A3B9E3A-24C0-41F2-8C97-93A72222B646}
		{5953F200-413B-425F-A71D-C16719EAFAE8} = {6A3B9E3A-24C0-41F2-8C97-93A72222B646}
		{C988882B-77C3-4756-A48B-5A2F09F34F6A} = {6A3B9E3A-24C0-41F2-8C97-93A72222B646}
		{9BD1916F-5450-4FD4-A128-D098556330AF} = {6A3B9E3A-24C0-41F2-8C97-93A72222B646}
	EndGlobalSection
	GlobalSection(ExtensibilityGlobals) = postSolution
		SolutionGuid = {A993C255-E5E8-44F3-BA05-17A3D298925B}
	EndGlobalSection
EndGlobal
